
Microsoft Visual Studio Solution File, Format Version 12.00
# Visual Studio Version 16
VisualStudioVersion = 16.0.29503.13
MinimumVisualStudioVersion = 10.0.40219.1
Project("{FAE04EC0-301F-11D3-BF4B-00C04F79EFBC}") = "LearningExceptionFilters", "LearningExceptionFilters\LearningExceptionFilters.csproj", "{0E5BB945-36BC-468E-977E-DE22803452A2}"
EndProject
Global
	GlobalSection(SolutionConfigurationPlatforms) = preSolution
		Debug|Any CPU = Debug|Any CPU
		Release|Any CPU = Release|Any CPU
	EndGlobalSection
	GlobalSection(ProjectConfigurationPlatforms) = postSolution
		{0E5BB945-36BC-468E-977E-DE22803452A2}.Debug|Any CPU.ActiveCfg = Debug|Any CPU
		{0E5BB945-36BC-468E-977E-DE22803452A2}.Debug|Any CPU.Build.0 = Debug|Any CPU
		{0E5BB945-36BC-468E-977E-DE22803452A2}.Release|Any CPU.ActiveCfg = Release|Any CPU
		{0E5BB945-36BC-468E-977E-DE22803452A2}.Release|Any CPU.Build.0 = Release|Any CPU
	EndGlobalSection
	GlobalSection(SolutionProperties) = preSolution
		HideSolutionNode = FALSE
	EndGlobalSection
	GlobalSection(ExtensibilityGlobals) = postSolution
		SolutionGuid = {D4AE7463-8212-4714-8293-0568977DFC56}
	EndGlobalSection
EndGlobal
